
Microsoft Visual Studio Solution File, Format Version 12.00
# Visual Studio 15
VisualStudioVersion = 15.0.28307.645
MinimumVisualStudioVersion = 10.0.40219.1
Project("{2150E333-8FDC-42A3-9474-1A3956D46DE8}") = "PresentationTier", "PresentationTier", "{23B97C06-5F5F-428D-9F8F-C350EAB8F2A6}"
EndProject
Project("{2150E333-8FDC-42A3-9474-1A3956D46DE8}") = "DataAccessTier", "DataAccessTier", "{1E4E9161-DBA7-4D0C-B1F6-081FF9F36E0A}"
EndProject
Project("{2150E333-8FDC-42A3-9474-1A3956D46DE8}") = "CommonTier", "CommonTier", "{0A4A0E6F-0D27-4A54-9C9D-1F857F855944}"
EndProject
Project("{FAE04EC0-301F-11D3-BF4B-00C04F79EFBC}") = "FileManager.Presentation.WinSite", "FileManager.Presentation.WinSite\FileManager.Presentation.WinSite.csproj", "{7EE2AF4F-CCA3-48E5-A5E6-353A60FCF813}"
EndProject
Project("{FAE04EC0-301F-11D3-BF4B-00C04F79EFBC}") = "FileManager.DataAccess.DAO", "FileManager.DataAccess.DAO\FileManager.DataAccess.DAO.csproj", "{3BCDEEF1-4F36-4B76-9B73-A8052EEDE204}"
EndProject
Project("{FAE04EC0-301F-11D3-BF4B-00C04F79EFBC}") = "FileManager.Common.Models", "FileManager.Common.Models\FileManager.Common.Models.csproj", "{79CFA943-5821-47B6-A602-A14E07A70089}"
EndProject
Project("{FAE04EC0-301F-11D3-BF4B-00C04F79EFBC}") = "FileManager.DataAccess.DAOTests", "FileManager.DataAccess.DAOTests\FileManager.DataAccess.DAOTests.csproj", "{885A7E30-D56F-4423-900C-E5599A601164}"
EndProject
Project("{FAE04EC0-301F-11D3-BF4B-00C04F79EFBC}") = "FileManager.DataAccess.DAO.Integration.Test", "FileManager.DataAccess.DAO.Integration.Test\FileManager.DataAccess.DAO.Integration.Test.csproj", "{5B99A32E-5F96-4FB0-B86D-C862D6926B05}"
EndProject
Global
	GlobalSection(SolutionConfigurationPlatforms) = preSolution
		Debug|Any CPU = Debug|Any CPU
		Release|Any CPU = Release|Any CPU
	EndGlobalSection
	GlobalSection(ProjectConfigurationPlatforms) = postSolution
		{7EE2AF4F-CCA3-48E5-A5E6-353A60FCF813}.Debug|Any CPU.ActiveCfg = Debug|Any CPU
		{7EE2AF4F-CCA3-48E5-A5E6-353A60FCF813}.Debug|Any CPU.Build.0 = Debug|Any CPU
		{7EE2AF4F-CCA3-48E5-A5E6-353A60FCF813}.Release|Any CPU.ActiveCfg = Release|Any CPU
		{7EE2AF4F-CCA3-48E5-A5E6-353A60FCF813}.Release|Any CPU.Build.0 = Release|Any CPU
		{3BCDEEF1-4F36-4B76-9B73-A8052EEDE204}.Debug|Any CPU.ActiveCfg = Debug|Any CPU
		{3BCDEEF1-4F36-4B76-9B73-A8052EEDE204}.Debug|Any CPU.Build.0 = Debug|Any CPU
		{3BCDEEF1-4F36-4B76-9B73-A8052EEDE204}.Release|Any CPU.ActiveCfg = Release|Any CPU
		{3BCDEEF1-4F36-4B76-9B73-A8052EEDE204}.Release|Any CPU.Build.0 = Release|Any CPU
		{79CFA943-5821-47B6-A602-A14E07A70089}.Debug|Any CPU.ActiveCfg = Debug|Any CPU
		{79CFA943-5821-47B6-A602-A14E07A70089}.Debug|Any CPU.Build.0 = Debug|Any CPU
		{79CFA943-5821-47B6-A602-A14E07A70089}.Release|Any CPU.ActiveCfg = Release|Any CPU
		{79CFA943-5821-47B6-A602-A14E07A70089}.Release|Any CPU.Build.0 = Release|Any CPU
		{885A7E30-D56F-4423-900C-E5599A601164}.Debug|Any CPU.ActiveCfg = Debug|Any CPU
		{885A7E30-D56F-4423-900C-E5599A601164}.Debug|Any CPU.Build.0 = Debug|Any CPU
		{885A7E30-D56F-4423-900C-E5599A601164}.Release|Any CPU.ActiveCfg = Release|Any CPU
		{885A7E30-D56F-4423-900C-E5599A601164}.Release|Any CPU.Build.0 = Release|Any CPU
		{5B99A32E-5F96-4FB0-B86D-C862D6926B05}.Debug|Any CPU.ActiveCfg = Debug|Any CPU
		{5B99A32E-5F96-4FB0-B86D-C862D6926B05}.Debug|Any CPU.Build.0 = Debug|Any CPU
		{5B99A32E-5F96-4FB0-B86D-C862D6926B05}.Release|Any CPU.ActiveCfg = Release|Any CPU
		{5B99A32E-5F96-4FB0-B86D-C862D6926B05}.Release|Any CPU.Build.0 = Release|Any CPU
	EndGlobalSection
	GlobalSection(SolutionProperties) = preSolution
		HideSolutionNode = FALSE
	EndGlobalSection
	GlobalSection(NestedProjects) = preSolution
		{7EE2AF4F-CCA3-48E5-A5E6-353A60FCF813} = {23B97C06-5F5F-428D-9F8F-C350EAB8F2A6}
		{3BCDEEF1-4F36-4B76-9B73-A8052EEDE204} = {1E4E9161-DBA7-4D0C-B1F6-081FF9F36E0A}
		{79CFA943-5821-47B6-A602-A14E07A70089} = {0A4A0E6F-0D27-4A54-9C9D-1F857F855944}
	EndGlobalSection
	GlobalSection(ExtensibilityGlobals) = postSolution
		SolutionGuid = {D3047B19-2DBC-4249-B30E-8A4FA6DC4C7B}
	EndGlobalSection
EndGlobal
